{
  "name": "vaas-core",
  "version": "1.0.0",
  "lockfileVersion": 1,
  "requires": true,
  "dependencies": {
    "@types/node": {
      "version": "16.11.26",
      "resolved": "http://artifactory.intra.xiaojukeji.com/artifactory/api/npm/npm/@types/node/-/node-16.11.26.tgz?dl=https%3A%2F%2Fregistry.npmmirror.com%2F%40types%2Fnode%2F-%2Fnode-16.11.26.tgz",
      "integrity": "sha1-Y9IE0TbJkW+03NG1D5dA/oaITkc=",
      "dev": true
    },
    "typescript": {
      "version": "4.5.5",
      "resolved": "http://artifactory.intra.xiaojukeji.com/artifactory/api/npm/npm/typescript/-/typescript-4.5.5.tgz?dl=https%3A%2F%2Fregistry.npmmirror.com%2Ftypescript%2F-%2Ftypescript-4.5.5.tgz",
      "integrity": "sha1-2MlTgy0okkqePTfHPXKchGxYlvM=",
      "dev": true
    }
  }
}
